
Microsoft Visual Studio Solution File, Format Version 12.00
# Visual Studio Version 17
VisualStudioVersion = 17.9.34902.65
MinimumVisualStudioVersion = 10.0.40219.1
Project("{9A19103F-16F7-4668-BE54-9A1E7A4F7556}") = "AtomicDynamics", "AtomicDynamics\AtomicDynamics.csproj", "{71F24693-29FD-47CC-A6AF-693C40BAE91F}"
EndProject
Project("{9A19103F-16F7-4668-BE54-9A1E7A4F7556}") = "Tests", "Tests\Tests.csproj", "{C1366A4E-C8E2-49B6-A919-09D92FE8500E}"
EndProject
Global
	GlobalSection(SolutionConfigurationPlatforms) = preSolution
		Debug|Any CPU = Debug|Any CPU
		NO_COLLISION_DR_RIGID_ROTATION|Any CPU = NO_COLLISION_DR_RIGID_ROTATION|Any CPU
		NO_COLLISION_DR_SPIN|Any CPU = NO_COLLISION_DR_SPIN|Any CPU
		NO_COLLISION_DR|Any CPU = NO_COLLISION_DR|Any CPU
		NO_COLLISION_DT_RIGID_ROTATION|Any CPU = NO_COLLISION_DT_RIGID_ROTATION|Any CPU
		NO_COLLISION_DT|Any CPU = NO_COLLISION_DT|Any CPU
		Release|Any CPU = Release|Any CPU
	EndGlobalSection
	GlobalSection(ProjectConfigurationPlatforms) = postSolution
		{71F24693-29FD-47CC-A6AF-693C40BAE91F}.Debug|Any CPU.ActiveCfg = Debug|Any CPU
		{71F24693-29FD-47CC-A6AF-693C40BAE91F}.Debug|Any CPU.Build.0 = Debug|Any CPU
		{71F24693-29FD-47CC-A6AF-693C40BAE91F}.NO_COLLISION_DR_RIGID_ROTATION|Any CPU.ActiveCfg = NO_COLLISION_DR_RIGID_ROTATION|Any CPU
		{71F24693-29FD-47CC-A6AF-693C40BAE91F}.NO_COLLISION_DR_RIGID_ROTATION|Any CPU.Build.0 = NO_COLLISION_DR_RIGID_ROTATION|Any CPU
		{71F24693-29FD-47CC-A6AF-693C40BAE91F}.NO_COLLISION_DR_SPIN|Any CPU.ActiveCfg = NO_COLLISION_DR_SPIN|Any CPU
		{71F24693-29FD-47CC-A6AF-693C40BAE91F}.NO_COLLISION_DR_SPIN|Any CPU.Build.0 = NO_COLLISION_DR_SPIN|Any CPU
		{71F24693-29FD-47CC-A6AF-693C40BAE91F}.NO_COLLISION_DR|Any CPU.ActiveCfg = NO_COLLISION_DR|Any CPU
		{71F24693-29FD-47CC-A6AF-693C40BAE91F}.NO_COLLISION_DR|Any CPU.Build.0 = NO_COLLISION_DR|Any CPU
		{71F24693-29FD-47CC-A6AF-693C40BAE91F}.NO_COLLISION_DT_RIGID_ROTATION|Any CPU.ActiveCfg = NO_COLLISION_DT_RIGID_ROTATION|Any CPU
		{71F24693-29FD-47CC-A6AF-693C40BAE91F}.NO_COLLISION_DT_RIGID_ROTATION|Any CPU.Build.0 = NO_COLLISION_DT_RIGID_ROTATION|Any CPU
		{71F24693-29FD-47CC-A6AF-693C40BAE91F}.NO_COLLISION_DT|Any CPU.ActiveCfg = NO_COLLISION_DT|Any CPU
		{71F24693-29FD-47CC-A6AF-693C40BAE91F}.NO_COLLISION_DT|Any CPU.Build.0 = NO_COLLISION_DT|Any CPU
		{71F24693-29FD-47CC-A6AF-693C40BAE91F}.Release|Any CPU.ActiveCfg = Release|Any CPU
		{71F24693-29FD-47CC-A6AF-693C40BAE91F}.Release|Any CPU.Build.0 = Release|Any CPU
		{C1366A4E-C8E2-49B6-A919-09D92FE8500E}.Debug|Any CPU.ActiveCfg = Debug|Any CPU
		{C1366A4E-C8E2-49B6-A919-09D92FE8500E}.Debug|Any CPU.Build.0 = Debug|Any CPU
		{C1366A4E-C8E2-49B6-A919-09D92FE8500E}.NO_COLLISION_DR_RIGID_ROTATION|Any CPU.ActiveCfg = NO_COLLISION_DR_RIGID_ROTATION|Any CPU
		{C1366A4E-C8E2-49B6-A919-09D92FE8500E}.NO_COLLISION_DR_RIGID_ROTATION|Any CPU.Build.0 = NO_COLLISION_DR_RIGID_ROTATION|Any CPU
		{C1366A4E-C8E2-49B6-A919-09D92FE8500E}.NO_COLLISION_DR_SPIN|Any CPU.ActiveCfg = NO_COLLISION_DR_SPIN|Any CPU
		{C1366A4E-C8E2-49B6-A919-09D92FE8500E}.NO_COLLISION_DR_SPIN|Any CPU.Build.0 = NO_COLLISION_DR_SPIN|Any CPU
		{C1366A4E-C8E2-49B6-A919-09D92FE8500E}.NO_COLLISION_DR|Any CPU.ActiveCfg = NO_COLLISION_DR|Any CPU
		{C1366A4E-C8E2-49B6-A919-09D92FE8500E}.NO_COLLISION_DR|Any CPU.Build.0 = NO_COLLISION_DR|Any CPU
		{C1366A4E-C8E2-49B6-A919-09D92FE8500E}.NO_COLLISION_DT_RIGID_ROTATION|Any CPU.ActiveCfg = NO_COLLISION_DT_RIGID_ROTATION|Any CPU
		{C1366A4E-C8E2-49B6-A919-09D92FE8500E}.NO_COLLISION_DT_RIGID_ROTATION|Any CPU.Build.0 = NO_COLLISION_DT_RIGID_ROTATION|Any CPU
		{C1366A4E-C8E2-49B6-A919-09D92FE8500E}.NO_COLLISION_DT|Any CPU.ActiveCfg = NO_COLLISION_DT|Any CPU
		{C1366A4E-C8E2-49B6-A919-09D92FE8500E}.NO_COLLISION_DT|Any CPU.Build.0 = NO_COLLISION_DT|Any CPU
		{C1366A4E-C8E2-49B6-A919-09D92FE8500E}.Release|Any CPU.ActiveCfg = Release|Any CPU
		{C1366A4E-C8E2-49B6-A919-09D92FE8500E}.Release|Any CPU.Build.0 = Release|Any CPU
	EndGlobalSection
	GlobalSection(SolutionProperties) = preSolution
		HideSolutionNode = FALSE
	EndGlobalSection
	GlobalSection(ExtensibilityGlobals) = postSolution
		SolutionGuid = {780D7118-B218-40ED-A222-5CE9EA583AEF}
	EndGlobalSection
EndGlobal
